// !$*UTF8*$!
{
	archiveVersion = 1;
	classes = {
	};
	objectVersion = 56;
	objects = {

/* Begin PBXBuildFile section */
		83013A382B2014570017E472 /* MerqueoUIKitTests.swift in Sources */ = {isa = PBXBuildFile; fileRef = 83013A372B2014570017E472 /* MerqueoUIKitTests.swift */; };
		83013A402B2014890017E472 /* NetworkTest.swift in Sources */ = {isa = PBXBuildFile; fileRef = 83013A3F2B2014890017E472 /* NetworkTest.swift */; };
		83013A432B20164B0017E472 /* RouteTest.swift in Sources */ = {isa = PBXBuildFile; fileRef = 83013A422B20164B0017E472 /* RouteTest.swift */; };
		8309D6902B4F77B500264441 /* FavoriteView.swift in Sources */ = {isa = PBXBuildFile; fileRef = 8309D68F2B4F77B500264441 /* FavoriteView.swift */; };
		832196922B3AB6B800FDE43C /* MovieCoreData.xcdatamodeld in Sources */ = {isa = PBXBuildFile; fileRef = 832196902B3AB6B800FDE43C /* MovieCoreData.xcdatamodeld */; };
		8398B49D2B4D27B400F9654C /* CoreDataDataManager.swift in Sources */ = {isa = PBXBuildFile; fileRef = 8398B49C2B4D27B400F9654C /* CoreDataDataManager.swift */; };
		839E15442B20417D005AAAC3 /* MovieResourceRoutes.swift in Sources */ = {isa = PBXBuildFile; fileRef = 839E15432B20417D005AAAC3 /* MovieResourceRoutes.swift */; };
		83CDC7542B28CB2000A6940E /* ViewMovieDetail.swift in Sources */ = {isa = PBXBuildFile; fileRef = 83CDC7532B28CB2000A6940E /* ViewMovieDetail.swift */; };
		83CDC7562B29069A00A6940E /* ViewDetailMovieViewModel.swift in Sources */ = {isa = PBXBuildFile; fileRef = 83CDC7552B29069A00A6940E /* ViewDetailMovieViewModel.swift */; };
		83CDC7582B2956F300A6940E /* CreditsModel.swift in Sources */ = {isa = PBXBuildFile; fileRef = 83CDC7572B2956F300A6940E /* CreditsModel.swift */; };
		83D1A2932B27956F00DAB543 /* MovieCellViewModel.swift in Sources */ = {isa = PBXBuildFile; fileRef = 83D1A2922B27956F00DAB543 /* MovieCellViewModel.swift */; };
		83DB869D2B22369A00BC7760 /* MovieDataManager.swift in Sources */ = {isa = PBXBuildFile; fileRef = 83DB869C2B22369A00BC7760 /* MovieDataManager.swift */; };
		83DB86A32B223DF700BC7760 /* UIImageExtension.swift in Sources */ = {isa = PBXBuildFile; fileRef = 83DB86A22B223DF700BC7760 /* UIImageExtension.swift */; };
		83DB86A52B22406E00BC7760 /* ViewModel.swift in Sources */ = {isa = PBXBuildFile; fileRef = 83DB86A42B22406E00BC7760 /* ViewModel.swift */; };
		83DCED232B4C6E9700F3DD85 /* MovieCoreData+CoreDataClass.swift in Sources */ = {isa = PBXBuildFile; fileRef = 83DCED212B4C6E9700F3DD85 /* MovieCoreData+CoreDataClass.swift */; };
		83DCED242B4C6E9700F3DD85 /* MovieCoreData+CoreDataProperties.swift in Sources */ = {isa = PBXBuildFile; fileRef = 83DCED222B4C6E9700F3DD85 /* MovieCoreData+CoreDataProperties.swift */; };
		83E3CF272B2A9F2E00280837 /* DateFormatterExtension.swift in Sources */ = {isa = PBXBuildFile; fileRef = 83E3CF262B2A9F2E00280837 /* DateFormatterExtension.swift */; };
		83E3CF2A2B2AE40700280837 /* Coordinator.swift in Sources */ = {isa = PBXBuildFile; fileRef = 83E3CF292B2AE40700280837 /* Coordinator.swift */; };
		83E8E17D2B257C72002EBF71 /* MovieCell.swift in Sources */ = {isa = PBXBuildFile; fileRef = 83E8E17C2B257C72002EBF71 /* MovieCell.swift */; };
		83FED2BB2B1EEDBD005A3ADB /* AppDelegate.swift in Sources */ = {isa = PBXBuildFile; fileRef = 83FED2BA2B1EEDBD005A3ADB /* AppDelegate.swift */; };
		83FED2BD2B1EEDBD005A3ADB /* SceneDelegate.swift in Sources */ = {isa = PBXBuildFile; fileRef = 83FED2BC2B1EEDBD005A3ADB /* SceneDelegate.swift */; };
		83FED2BF2B1EEDBD005A3ADB /* ViewController.swift in Sources */ = {isa = PBXBuildFile; fileRef = 83FED2BE2B1EEDBD005A3ADB /* ViewController.swift */; };
		83FED2C42B1EEDC0005A3ADB /* Assets.xcassets in Resources */ = {isa = PBXBuildFile; fileRef = 83FED2C32B1EEDC0005A3ADB /* Assets.xcassets */; };
		83FED2C72B1EEDC0005A3ADB /* LaunchScreen.storyboard in Resources */ = {isa = PBXBuildFile; fileRef = 83FED2C52B1EEDC0005A3ADB /* LaunchScreen.storyboard */; };
		83FED2D02B1EF47B005A3ADB /* NetworkProvider.swift in Sources */ = {isa = PBXBuildFile; fileRef = 83FED2CF2B1EF47B005A3ADB /* NetworkProvider.swift */; };
		83FED2D32B1F087E005A3ADB /* MovieModel.swift in Sources */ = {isa = PBXBuildFile; fileRef = 83FED2D22B1F087E005A3ADB /* MovieModel.swift */; };
		83FF708C2B4BA76D00EBC89C /* CoreDataStack.swift in Sources */ = {isa = PBXBuildFile; fileRef = 83FF708B2B4BA76D00EBC89C /* CoreDataStack.swift */; };
/* End PBXBuildFile section */

/* Begin PBXContainerItemProxy section */
		83013A392B2014570017E472 /* PBXContainerItemProxy */ = {
			isa = PBXContainerItemProxy;
			containerPortal = 83FED2AF2B1EEDBD005A3ADB /* Project object */;
			proxyType = 1;
			remoteGlobalIDString = 83FED2B62B1EEDBD005A3ADB;
			remoteInfo = MerqueoUIKit;
		};
/* End PBXContainerItemProxy section */

/* Begin PBXFileReference section */
		83013A352B2014570017E472 /* MerqueoUIKitTests.xctest */ = {isa = PBXFileReference; explicitFileType = wrapper.cfbundle; includeInIndex = 0; path = MerqueoUIKitTests.xctest; sourceTree = BUILT_PRODUCTS_DIR; };
		83013A372B2014570017E472 /* MerqueoUIKitTests.swift */ = {isa = PBXFileReference; lastKnownFileType = sourcecode.swift; path = MerqueoUIKitTests.swift; sourceTree = "<group>"; };
		83013A3F2B2014890017E472 /* NetworkTest.swift */ = {isa = PBXFileReference; lastKnownFileType = sourcecode.swift; path = NetworkTest.swift; sourceTree = "<group>"; };
		83013A422B20164B0017E472 /* RouteTest.swift */ = {isa = PBXFileReference; lastKnownFileType = sourcecode.swift; path = RouteTest.swift; sourceTree = "<group>"; };
		8309D68F2B4F77B500264441 /* FavoriteView.swift */ = {isa = PBXFileReference; lastKnownFileType = sourcecode.swift; path = FavoriteView.swift; sourceTree = "<group>"; };
		832196912B3AB6B800FDE43C /* MovieCoreData.xcdatamodel */ = {isa = PBXFileReference; lastKnownFileType = wrapper.xcdatamodel; path = MovieCoreData.xcdatamodel; sourceTree = "<group>"; };
		8398B49C2B4D27B400F9654C /* CoreDataDataManager.swift */ = {isa = PBXFileReference; lastKnownFileType = sourcecode.swift; path = CoreDataDataManager.swift; sourceTree = "<group>"; };
		839E15432B20417D005AAAC3 /* MovieResourceRoutes.swift */ = {isa = PBXFileReference; lastKnownFileType = sourcecode.swift; path = MovieResourceRoutes.swift; sourceTree = "<group>"; };
		83CDC7532B28CB2000A6940E /* ViewMovieDetail.swift */ = {isa = PBXFileReference; lastKnownFileType = sourcecode.swift; path = ViewMovieDetail.swift; sourceTree = "<group>"; };
		83CDC7552B29069A00A6940E /* ViewDetailMovieViewModel.swift */ = {isa = PBXFileReference; lastKnownFileType = sourcecode.swift; path = ViewDetailMovieViewModel.swift; sourceTree = "<group>"; };
		83CDC7572B2956F300A6940E /* CreditsModel.swift */ = {isa = PBXFileReference; lastKnownFileType = sourcecode.swift; path = CreditsModel.swift; sourceTree = "<group>"; };
		83D1A2922B27956F00DAB543 /* MovieCellViewModel.swift */ = {isa = PBXFileReference; lastKnownFileType = sourcecode.swift; path = MovieCellViewModel.swift; sourceTree = "<group>"; };
		83DB869C2B22369A00BC7760 /* MovieDataManager.swift */ = {isa = PBXFileReference; lastKnownFileType = sourcecode.swift; path = MovieDataManager.swift; sourceTree = "<group>"; };
		83DB86A22B223DF700BC7760 /* UIImageExtension.swift */ = {isa = PBXFileReference; lastKnownFileType = sourcecode.swift; path = UIImageExtension.swift; sourceTree = "<group>"; };
		83DB86A42B22406E00BC7760 /* ViewModel.swift */ = {isa = PBXFileReference; lastKnownFileType = sourcecode.swift; path = ViewModel.swift; sourceTree = "<group>"; };
		83DCED212B4C6E9700F3DD85 /* MovieCoreData+CoreDataClass.swift */ = {isa = PBXFileReference; lastKnownFileType = sourcecode.swift; path = "MovieCoreData+CoreDataClass.swift"; sourceTree = "<group>"; };
		83DCED222B4C6E9700F3DD85 /* MovieCoreData+CoreDataProperties.swift */ = {isa = PBXFileReference; lastKnownFileType = sourcecode.swift; path = "MovieCoreData+CoreDataProperties.swift"; sourceTree = "<group>"; };
		83E3CF262B2A9F2E00280837 /* DateFormatterExtension.swift */ = {isa = PBXFileReference; lastKnownFileType = sourcecode.swift; path = DateFormatterExtension.swift; sourceTree = "<group>"; };
		83E3CF292B2AE40700280837 /* Coordinator.swift */ = {isa = PBXFileReference; lastKnownFileType = sourcecode.swift; path = Coordinator.swift; sourceTree = "<group>"; };
		83E8E17C2B257C72002EBF71 /* MovieCell.swift */ = {isa = PBXFileReference; lastKnownFileType = sourcecode.swift; path = MovieCell.swift; sourceTree = "<group>"; };
		83FED2B72B1EEDBD005A3ADB /* MerqueoUIKit.app */ = {isa = PBXFileReference; explicitFileType = wrapper.application; includeInIndex = 0; path = MerqueoUIKit.app; sourceTree = BUILT_PRODUCTS_DIR; };
		83FED2BA2B1EEDBD005A3ADB /* AppDelegate.swift */ = {isa = PBXFileReference; lastKnownFileType = sourcecode.swift; path = AppDelegate.swift; sourceTree = "<group>"; };
		83FED2BC2B1EEDBD005A3ADB /* SceneDelegate.swift */ = {isa = PBXFileReference; lastKnownFileType = sourcecode.swift; path = SceneDelegate.swift; sourceTree = "<group>"; };
		83FED2BE2B1EEDBD005A3ADB /* ViewController.swift */ = {isa = PBXFileReference; lastKnownFileType = sourcecode.swift; path = ViewController.swift; sourceTree = "<group>"; };
		83FED2C32B1EEDC0005A3ADB /* Assets.xcassets */ = {isa = PBXFileReference; lastKnownFileType = folder.assetcatalog; path = Assets.xcassets; sourceTree = "<group>"; };
		83FED2C62B1EEDC0005A3ADB /* Base */ = {isa = PBXFileReference; lastKnownFileType = file.storyboard; name = Base; path = Base.lproj/LaunchScreen.storyboard; sourceTree = "<group>"; };
		83FED2C82B1EEDC0005A3ADB /* Info.plist */ = {isa = PBXFileReference; lastKnownFileType = text.plist.xml; path = Info.plist; sourceTree = "<group>"; };
		83FED2CF2B1EF47B005A3ADB /* NetworkProvider.swift */ = {isa = PBXFileReference; lastKnownFileType = sourcecode.swift; path = NetworkProvider.swift; sourceTree = "<group>"; };
		83FED2D22B1F087E005A3ADB /* MovieModel.swift */ = {isa = PBXFileReference; lastKnownFileType = sourcecode.swift; path = MovieModel.swift; sourceTree = "<group>"; };
		83FF708B2B4BA76D00EBC89C /* CoreDataStack.swift */ = {isa = PBXFileReference; lastKnownFileType = sourcecode.swift; path = CoreDataStack.swift; sourceTree = "<group>"; };
/* End PBXFileReference section */

/* Begin PBXFrameworksBuildPhase section */
		83013A322B2014570017E472 /* Frameworks */ = {
			isa = PBXFrameworksBuildPhase;
			buildActionMask = 2147483647;
			files = (
			);
			runOnlyForDeploymentPostprocessing = 0;
		};
		83FED2B42B1EEDBD005A3ADB /* Frameworks */ = {
			isa = PBXFrameworksBuildPhase;
			buildActionMask = 2147483647;
			files = (
			);
			runOnlyForDeploymentPostprocessing = 0;
		};
/* End PBXFrameworksBuildPhase section */

/* Begin PBXGroup section */
		83013A362B2014570017E472 /* MerqueoUIKitTests */ = {
			isa = PBXGroup;
			children = (
				83013A412B20162E0017E472 /* RouteTest */,
				83013A3E2B2014760017E472 /* NetworkTest */,
				83013A372B2014570017E472 /* MerqueoUIKitTests.swift */,
			);
			path = MerqueoUIKitTests;
			sourceTree = "<group>";
		};
		83013A3E2B2014760017E472 /* NetworkTest */ = {
			isa = PBXGroup;
			children = (
				83013A3F2B2014890017E472 /* NetworkTest.swift */,
			);
			path = NetworkTest;
			sourceTree = "<group>";
		};
		83013A412B20162E0017E472 /* RouteTest */ = {
			isa = PBXGroup;
			children = (
				83013A422B20164B0017E472 /* RouteTest.swift */,
			);
			path = RouteTest;
			sourceTree = "<group>";
		};
		8309D68E2B4F777A00264441 /* FavoriteView */ = {
			isa = PBXGroup;
			children = (
				8309D68F2B4F77B500264441 /* FavoriteView.swift */,
			);
			path = FavoriteView;
			sourceTree = "<group>";
		};
		8321968C2B3A85D700FDE43C /* CoreData */ = {
			isa = PBXGroup;
			children = (
				83DCED212B4C6E9700F3DD85 /* MovieCoreData+CoreDataClass.swift */,
				83DCED222B4C6E9700F3DD85 /* MovieCoreData+CoreDataProperties.swift */,
				832196902B3AB6B800FDE43C /* MovieCoreData.xcdatamodeld */,
				83FF708B2B4BA76D00EBC89C /* CoreDataStack.swift */,
			);
			path = CoreData;
			sourceTree = "<group>";
		};
		839E15422B204164005AAAC3 /* ImageRoute */ = {
			isa = PBXGroup;
			children = (
				839E15432B20417D005AAAC3 /* MovieResourceRoutes.swift */,
			);
			path = ImageRoute;
			sourceTree = "<group>";
		};
		839E15452B2069D5005AAAC3 /* DataManager */ = {
			isa = PBXGroup;
			children = (
				83DB869C2B22369A00BC7760 /* MovieDataManager.swift */,
				8398B49C2B4D27B400F9654C /* CoreDataDataManager.swift */,
			);
			path = DataManager;
			sourceTree = "<group>";
		};
		839E15462B2069E6005AAAC3 /* Views */ = {
			isa = PBXGroup;
			children = (
				8309D68E2B4F777A00264441 /* FavoriteView */,
				83CDC7522B28CAF900A6940E /* ViewDetail */,
				83DB86A62B22409900BC7760 /* MovieCell */,
				83FED2BE2B1EEDBD005A3ADB /* ViewController.swift */,
				83DB86A42B22406E00BC7760 /* ViewModel.swift */,
			);
			path = Views;
			sourceTree = "<group>";
		};
		83CDC7522B28CAF900A6940E /* ViewDetail */ = {
			isa = PBXGroup;
			children = (
				83CDC7532B28CB2000A6940E /* ViewMovieDetail.swift */,
				83CDC7552B29069A00A6940E /* ViewDetailMovieViewModel.swift */,
			);
			path = ViewDetail;
			sourceTree = "<group>";
		};
		83DB86A12B223DDD00BC7760 /* Extensions */ = {
			isa = PBXGroup;
			children = (
				83DB86A22B223DF700BC7760 /* UIImageExtension.swift */,
				83E3CF262B2A9F2E00280837 /* DateFormatterExtension.swift */,
			);
			path = Extensions;
			sourceTree = "<group>";
		};
		83DB86A62B22409900BC7760 /* MovieCell */ = {
			isa = PBXGroup;
			children = (
				83E8E17C2B257C72002EBF71 /* MovieCell.swift */,
				83D1A2922B27956F00DAB543 /* MovieCellViewModel.swift */,
			);
			path = MovieCell;
			sourceTree = "<group>";
		};
		83E3CF282B2AE3EF00280837 /* Coordinator */ = {
			isa = PBXGroup;
			children = (
				83E3CF292B2AE40700280837 /* Coordinator.swift */,
			);
			path = Coordinator;
			sourceTree = "<group>";
		};
		83FED2AE2B1EEDBD005A3ADB = {
			isa = PBXGroup;
			children = (
				83FED2B92B1EEDBD005A3ADB /* MerqueoUIKit */,
				83013A362B2014570017E472 /* MerqueoUIKitTests */,
				83FED2B82B1EEDBD005A3ADB /* Products */,
			);
			sourceTree = "<group>";
		};
		83FED2B82B1EEDBD005A3ADB /* Products */ = {
			isa = PBXGroup;
			children = (
				83FED2B72B1EEDBD005A3ADB /* MerqueoUIKit.app */,
				83013A352B2014570017E472 /* MerqueoUIKitTests.xctest */,
			);
			name = Products;
			sourceTree = "<group>";
		};
		83FED2B92B1EEDBD005A3ADB /* MerqueoUIKit */ = {
			isa = PBXGroup;
			children = (
				8321968C2B3A85D700FDE43C /* CoreData */,
				83E3CF282B2AE3EF00280837 /* Coordinator */,
				83DB86A12B223DDD00BC7760 /* Extensions */,
				839E15462B2069E6005AAAC3 /* Views */,
				83FED2D12B1F02E4005A3ADB /* Models */,
				839E15452B2069D5005AAAC3 /* DataManager */,
				83FED2CE2B1EF299005A3ADB /* Networking */,
				83FED2BA2B1EEDBD005A3ADB /* AppDelegate.swift */,
				83FED2BC2B1EEDBD005A3ADB /* SceneDelegate.swift */,
				83FED2C32B1EEDC0005A3ADB /* Assets.xcassets */,
				83FED2C52B1EEDC0005A3ADB /* LaunchScreen.storyboard */,
				83FED2C82B1EEDC0005A3ADB /* Info.plist */,
			);
			path = MerqueoUIKit;
			sourceTree = "<group>";
		};
		83FED2CE2B1EF299005A3ADB /* Networking */ = {
			isa = PBXGroup;
			children = (
				839E15422B204164005AAAC3 /* ImageRoute */,
				83FED2CF2B1EF47B005A3ADB /* NetworkProvider.swift */,
			);
			path = Networking;
			sourceTree = "<group>";
		};
		83FED2D12B1F02E4005A3ADB /* Models */ = {
			isa = PBXGroup;
			children = (
				83FED2D22B1F087E005A3ADB /* MovieModel.swift */,
				83CDC7572B2956F300A6940E /* CreditsModel.swift */,
			);
			path = Models;
			sourceTree = "<group>";
		};
/* End PBXGroup section */

/* Begin PBXNativeTarget section */
		83013A342B2014570017E472 /* MerqueoUIKitTests */ = {
			isa = PBXNativeTarget;
			buildConfigurationList = 83013A3B2B2014570017E472 /* Build configuration list for PBXNativeTarget "MerqueoUIKitTests" */;
			buildPhases = (
				83013A312B2014570017E472 /* Sources */,
				83013A322B2014570017E472 /* Frameworks */,
				83013A332B2014570017E472 /* Resources */,
			);
			buildRules = (
			);
			dependencies = (
				83013A3A2B2014570017E472 /* PBXTargetDependency */,
			);
			name = MerqueoUIKitTests;
			productName = MerqueoUIKitTests;
			productReference = 83013A352B2014570017E472 /* MerqueoUIKitTests.xctest */;
			productType = "com.apple.product-type.bundle.unit-test";
		};
		83FED2B62B1EEDBD005A3ADB /* MerqueoUIKit */ = {
			isa = PBXNativeTarget;
			buildConfigurationList = 83FED2CB2B1EEDC0005A3ADB /* Build configuration list for PBXNativeTarget "MerqueoUIKit" */;
			buildPhases = (
				83FED2B32B1EEDBD005A3ADB /* Sources */,
				83FED2B42B1EEDBD005A3ADB /* Frameworks */,
				83FED2B52B1EEDBD005A3ADB /* Resources */,
			);
			buildRules = (
			);
			dependencies = (
			);
			name = MerqueoUIKit;
			productName = MerqueoUIKit;
			productReference = 83FED2B72B1EEDBD005A3ADB /* MerqueoUIKit.app */;
			productType = "com.apple.product-type.application";
		};
/* End PBXNativeTarget section */

/* Begin PBXProject section */
		83FED2AF2B1EEDBD005A3ADB /* Project object */ = {
			isa = PBXProject;
			attributes = {
				BuildIndependentTargetsInParallel = 1;
				LastSwiftUpdateCheck = 1500;
				LastUpgradeCheck = 1500;
				TargetAttributes = {
					83013A342B2014570017E472 = {
						CreatedOnToolsVersion = 15.0;
						TestTargetID = 83FED2B62B1EEDBD005A3ADB;
					};
					83FED2B62B1EEDBD005A3ADB = {
						CreatedOnToolsVersion = 15.0;
					};
				};
			};
			buildConfigurationList = 83FED2B22B1EEDBD005A3ADB /* Build configuration list for PBXProject "MerqueoUIKit" */;
			compatibilityVersion = "Xcode 14.0";
			developmentRegion = en;
			hasScannedForEncodings = 0;
			knownRegions = (
				en,
				Base,
			);
			mainGroup = 83FED2AE2B1EEDBD005A3ADB;
			productRefGroup = 83FED2B82B1EEDBD005A3ADB /* Products */;
			projectDirPath = "";
			projectRoot = "";
			targets = (
				83FED2B62B1EEDBD005A3ADB /* MerqueoUIKit */,
				83013A342B2014570017E472 /* MerqueoUIKitTests */,
			);
		};
/* End PBXProject section */

/* Begin PBXResourcesBuildPhase section */
		83013A332B2014570017E472 /* Resources */ = {
			isa = PBXResourcesBuildPhase;
			buildActionMask = 2147483647;
			files = (
			);
			runOnlyForDeploymentPostprocessing = 0;
		};
		83FED2B52B1EEDBD005A3ADB /* Resources */ = {
			isa = PBXResourcesBuildPhase;
			buildActionMask = 2147483647;
			files = (
				83FED2C72B1EEDC0005A3ADB /* LaunchScreen.storyboard in Resources */,
				83FED2C42B1EEDC0005A3ADB /* Assets.xcassets in Resources */,
			);
			runOnlyForDeploymentPostprocessing = 0;
		};
/* End PBXResourcesBuildPhase section */

/* Begin PBXSourcesBuildPhase section */
		83013A312B2014570017E472 /* Sources */ = {
			isa = PBXSourcesBuildPhase;
			buildActionMask = 2147483647;
			files = (
				83013A402B2014890017E472 /* NetworkTest.swift in Sources */,
				83013A432B20164B0017E472 /* RouteTest.swift in Sources */,
				83013A382B2014570017E472 /* MerqueoUIKitTests.swift in Sources */,
			);
			runOnlyForDeploymentPostprocessing = 0;
		};
		83FED2B32B1EEDBD005A3ADB /* Sources */ = {
			isa = PBXSourcesBuildPhase;
			buildActionMask = 2147483647;
			files = (
				83E3CF2A2B2AE40700280837 /* Coordinator.swift in Sources */,
				83CDC7582B2956F300A6940E /* CreditsModel.swift in Sources */,
				83D1A2932B27956F00DAB543 /* MovieCellViewModel.swift in Sources */,
				8398B49D2B4D27B400F9654C /* CoreDataDataManager.swift in Sources */,
				83E3CF272B2A9F2E00280837 /* DateFormatterExtension.swift in Sources */,
				83FED2BF2B1EEDBD005A3ADB /* ViewController.swift in Sources */,
				83CDC7562B29069A00A6940E /* ViewDetailMovieViewModel.swift in Sources */,
				83CDC7542B28CB2000A6940E /* ViewMovieDetail.swift in Sources */,
				83DB86A52B22406E00BC7760 /* ViewModel.swift in Sources */,
				83FED2BB2B1EEDBD005A3ADB /* AppDelegate.swift in Sources */,
				83DCED232B4C6E9700F3DD85 /* MovieCoreData+CoreDataClass.swift in Sources */,
				83FED2D32B1F087E005A3ADB /* MovieModel.swift in Sources */,
				83DCED242B4C6E9700F3DD85 /* MovieCoreData+CoreDataProperties.swift in Sources */,
				83FED2BD2B1EEDBD005A3ADB /* SceneDelegate.swift in Sources */,
				83DB869D2B22369A00BC7760 /* MovieDataManager.swift in Sources */,
				83FED2D02B1EF47B005A3ADB /* NetworkProvider.swift in Sources */,
				8309D6902B4F77B500264441 /* FavoriteView.swift in Sources */,
				839E15442B20417D005AAAC3 /* MovieResourceRoutes.swift in Sources */,
				83FF708C2B4BA76D00EBC89C /* CoreDataStack.swift in Sources */,
				83E8E17D2B257C72002EBF71 /* MovieCell.swift in Sources */,
				83DB86A32B223DF700BC7760 /* UIImageExtension.swift in Sources */,
				832196922B3AB6B800FDE43C /* MovieCoreData.xcdatamodeld in Sources */,
			);
			runOnlyForDeploymentPostprocessing = 0;
		};
/* End PBXSourcesBuildPhase section */

/* Begin PBXTargetDependency section */
		83013A3A2B2014570017E472 /* PBXTargetDependency */ = {
			isa = PBXTargetDependency;
			target = 83FED2B62B1EEDBD005A3ADB /* MerqueoUIKit */;
			targetProxy = 83013A392B2014570017E472 /* PBXContainerItemProxy */;
		};
/* End PBXTargetDependency section */

/* Begin PBXVariantGroup section */
		83FED2C52B1EEDC0005A3ADB /* LaunchScreen.storyboard */ = {
			isa = PBXVariantGroup;
			children = (
				83FED2C62B1EEDC0005A3ADB /* Base */,
			);
			name = LaunchScreen.storyboard;
			sourceTree = "<group>";
		};
/* End PBXVariantGroup section */

/* Begin XCBuildConfiguration section */
		83013A3C2B2014570017E472 /* Debug */ = {
			isa = XCBuildConfiguration;
			buildSettings = {
				BUNDLE_LOADER = "$(TEST_HOST)";
				CODE_SIGN_STYLE = Automatic;
				CURRENT_PROJECT_VERSION = 1;
				DEVELOPMENT_TEAM = 7ZT49UKYZM;
				GENERATE_INFOPLIST_FILE = YES;
				MARKETING_VERSION = 1.0;
				PRODUCT_BUNDLE_IDENTIFIER = PruebaUIKit.MerqueoUIKitTests;
				PRODUCT_NAME = "$(TARGET_NAME)";
				SWIFT_EMIT_LOC_STRINGS = NO;
				SWIFT_VERSION = 5.0;
				TARGETED_DEVICE_FAMILY = "1,2";
				TEST_HOST = "$(BUILT_PRODUCTS_DIR)/MerqueoUIKit.app/$(BUNDLE_EXECUTABLE_FOLDER_PATH)/MerqueoUIKit";
			};
			name = Debug;
		};
		83013A3D2B2014570017E472 /* Release */ = {
			isa = XCBuildConfiguration;
			buildSettings = {
				BUNDLE_LOADER = "$(TEST_HOST)";
				CODE_SIGN_STYLE = Automatic;
				CURRENT_PROJECT_VERSION = 1;
				DEVELOPMENT_TEAM = 7ZT49UKYZM;
				GENERATE_INFOPLIST_FILE = YES;
				MARKETING_VERSION = 1.0;
				PRODUCT_BUNDLE_IDENTIFIER = PruebaUIKit.MerqueoUIKitTests;
				PRODUCT_NAME = "$(TARGET_NAME)";
				SWIFT_EMIT_LOC_STRINGS = NO;
				SWIFT_VERSION = 5.0;
				TARGETED_DEVICE_FAMILY = "1,2";
				TEST_HOST = "$(BUILT_PRODUCTS_DIR)/MerqueoUIKit.app/$(BUNDLE_EXECUTABLE_FOLDER_PATH)/MerqueoUIKit";
			};
			name = Release;
		};
		83FED2C92B1EEDC0005A3ADB /* Debug */ = {
			isa = XCBuildConfiguration;
			buildSettings = {
				ALWAYS_SEARCH_USER_PATHS = NO;
				ASSETCATALOG_COMPILER_GENERATE_SWIFT_ASSET_SYMBOL_EXTENSIONS = YES;
				CLANG_ANALYZER_NONNULL = YES;
				CLANG_ANALYZER_NUMBER_OBJECT_CONVERSION = YES_AGGRESSIVE;
				CLANG_CXX_LANGUAGE_STANDARD = "gnu++20";
				CLANG_ENABLE_MODULES = YES;
				CLANG_ENABLE_OBJC_ARC = YES;
				CLANG_ENABLE_OBJC_WEAK = YES;
				CLANG_WARN_BLOCK_CAPTURE_AUTORELEASING = YES;
				CLANG_WARN_BOOL_CONVERSION = YES;
				CLANG_WARN_COMMA = YES;
				CLANG_WARN_CONSTANT_CONVERSION = YES;
				CLANG_WARN_DEPRECATED_OBJC_IMPLEMENTATIONS = YES;
				CLANG_WARN_DIRECT_OBJC_ISA_USAGE = YES_ERROR;
				CLANG_WARN_DOCUMENTATION_COMMENTS = YES;
				CLANG_WARN_EMPTY_BODY = YES;
				CLANG_WARN_ENUM_CONVERSION = YES;
				CLANG_WARN_INFINITE_RECURSION = YES;
				CLANG_WARN_INT_CONVERSION = YES;
				CLANG_WARN_NON_LITERAL_NULL_CONVERSION = YES;
				CLANG_WARN_OBJC_IMPLICIT_RETAIN_SELF = YES;
				CLANG_WARN_OBJC_LITERAL_CONVERSION = YES;
				CLANG_WARN_OBJC_ROOT_CLASS = YES_ERROR;
				CLANG_WARN_QUOTED_INCLUDE_IN_FRAMEWORK_HEADER = YES;
				CLANG_WARN_RANGE_LOOP_ANALYSIS = YES;
				CLANG_WARN_STRICT_PROTOTYPES = YES;
				CLANG_WARN_SUSPICIOUS_MOVE = YES;
				CLANG_WARN_UNGUARDED_AVAILABILITY = YES_AGGRESSIVE;
				CLANG_WARN_UNREACHABLE_CODE = YES;
				CLANG_WARN__DUPLICATE_METHOD_MATCH = YES;
				COPY_PHASE_STRIP = NO;
				DEBUG_INFORMATION_FORMAT = dwarf;
				ENABLE_STRICT_OBJC_MSGSEND = YES;
				ENABLE_TESTABILITY = YES;
				ENABLE_USER_SCRIPT_SANDBOXING = YES;
				GCC_C_LANGUAGE_STANDARD = gnu17;
				GCC_DYNAMIC_NO_PIC = NO;
				GCC_NO_COMMON_BLOCKS = YES;
				GCC_OPTIMIZATION_LEVEL = 0;
				GCC_PREPROCESSOR_DEFINITIONS = (
					"DEBUG=1",
					"$(inherited)",
				);
				GCC_WARN_64_TO_32_BIT_CONVERSION = YES;
				GCC_WARN_ABOUT_RETURN_TYPE = YES_ERROR;
				GCC_WARN_UNDECLARED_SELECTOR = YES;
				GCC_WARN_UNINITIALIZED_AUTOS = YES_AGGRESSIVE;
				GCC_WARN_UNUSED_FUNCTION = YES;
				GCC_WARN_UNUSED_VARIABLE = YES;
				IPHONEOS_DEPLOYMENT_TARGET = 17.0;
				LOCALIZATION_PREFERS_STRING_CATALOGS = YES;
				MTL_ENABLE_DEBUG_INFO = INCLUDE_SOURCE;
				MTL_FAST_MATH = YES;
				ONLY_ACTIVE_ARCH = YES;
				SDKROOT = iphoneos;
				SWIFT_ACTIVE_COMPILATION_CONDITIONS = "DEBUG $(inherited)";
				SWIFT_OPTIMIZATION_LEVEL = "-Onone";
				TREAT_MISSING_BASELINES_AS_TEST_FAILURES = NO;
			};
			name = Debug;
		};
		83FED2CA2B1EEDC0005A3ADB /* Release */ = {
			isa = XCBuildConfiguration;
			buildSettings = {
				ALWAYS_SEARCH_USER_PATHS = NO;
				ASSETCATALOG_COMPILER_GENERATE_SWIFT_ASSET_SYMBOL_EXTENSIONS = YES;
				CLANG_ANALYZER_NONNULL = YES;
				CLANG_ANALYZER_NUMBER_OBJECT_CONVERSION = YES_AGGRESSIVE;
				CLANG_CXX_LANGUAGE_STANDARD = "gnu++20";
				CLANG_ENABLE_MODULES = YES;
				CLANG_ENABLE_OBJC_ARC = YES;
				CLANG_ENABLE_OBJC_WEAK = YES;
				CLANG_WARN_BLOCK_CAPTURE_AUTORELEASING = YES;
				CLANG_WARN_BOOL_CONVERSION = YES;
				CLANG_WARN_COMMA = YES;
				CLANG_WARN_CONSTANT_CONVERSION = YES;
				CLANG_WARN_DEPRECATED_OBJC_IMPLEMENTATIONS = YES;
				CLANG_WARN_DIRECT_OBJC_ISA_USAGE = YES_ERROR;
				CLANG_WARN_DOCUMENTATION_COMMENTS = YES;
				CLANG_WARN_EMPTY_BODY = YES;
				CLANG_WARN_ENUM_CONVERSION = YES;
				CLANG_WARN_INFINITE_RECURSION = YES;
				CLANG_WARN_INT_CONVERSION = YES;
				CLANG_WARN_NON_LITERAL_NULL_CONVERSION = YES;
				CLANG_WARN_OBJC_IMPLICIT_RETAIN_SELF = YES;
				CLANG_WARN_OBJC_LITERAL_CONVERSION = YES;
				CLANG_WARN_OBJC_ROOT_CLASS = YES_ERROR;
				CLANG_WARN_QUOTED_INCLUDE_IN_FRAMEWORK_HEADER = YES;
				CLANG_WARN_RANGE_LOOP_ANALYSIS = YES;
				CLANG_WARN_STRICT_PROTOTYPES = YES;
				CLANG_WARN_SUSPICIOUS_MOVE = YES;
				CLANG_WARN_UNGUARDED_AVAILABILITY = YES_AGGRESSIVE;
				CLANG_WARN_UNREACHABLE_CODE = YES;
				CLANG_WARN__DUPLICATE_METHOD_MATCH = YES;
				COPY_PHASE_STRIP = NO;
				DEBUG_INFORMATION_FORMAT = "dwarf-with-dsym";
				ENABLE_NS_ASSERTIONS = NO;
				ENABLE_STRICT_OBJC_MSGSEND = YES;
				ENABLE_TESTABILITY = NO;
				ENABLE_USER_SCRIPT_SANDBOXING = YES;
				GCC_C_LANGUAGE_STANDARD = gnu17;
				GCC_NO_COMMON_BLOCKS = YES;
				GCC_WARN_64_TO_32_BIT_CONVERSION = YES;
				GCC_WARN_ABOUT_RETURN_TYPE = YES_ERROR;
				GCC_WARN_UNDECLARED_SELECTOR = YES;
				GCC_WARN_UNINITIALIZED_AUTOS = YES_AGGRESSIVE;
				GCC_WARN_UNUSED_FUNCTION = YES;
				GCC_WARN_UNUSED_VARIABLE = YES;
				IPHONEOS_DEPLOYMENT_TARGET = 17.0;
				LOCALIZATION_PREFERS_STRING_CATALOGS = YES;
				MTL_ENABLE_DEBUG_INFO = NO;
				MTL_FAST_MATH = YES;
				SDKROOT = iphoneos;
				SWIFT_COMPILATION_MODE = wholemodule;
				TREAT_MISSING_BASELINES_AS_TEST_FAILURES = NO;
				VALIDATE_PRODUCT = YES;
			};
			name = Release;
		};
		83FED2CC2B1EEDC0005A3ADB /* Debug */ = {
			isa = XCBuildConfiguration;
			buildSettings = {
				ASSETCATALOG_COMPILER_APPICON_NAME = AppIcon;
				ASSETCATALOG_COMPILER_GLOBAL_ACCENT_COLOR_NAME = AccentColor;
				CODE_SIGN_STYLE = Automatic;
				CURRENT_PROJECT_VERSION = 1;
				DEVELOPMENT_TEAM = 7ZT49UKYZM;
				GENERATE_INFOPLIST_FILE = YES;
				INFOPLIST_FILE = MerqueoUIKit/Info.plist;
				INFOPLIST_KEY_UIApplicationSupportsIndirectInputEvents = YES;
				INFOPLIST_KEY_UILaunchStoryboardName = LaunchScreen;
				INFOPLIST_KEY_UISupportedInterfaceOrientations_iPad = "UIInterfaceOrientationPortrait UIInterfaceOrientationPortraitUpsideDown UIInterfaceOrientationLandscapeLeft UIInterfaceOrientationLandscapeRight";
				INFOPLIST_KEY_UISupportedInterfaceOrientations_iPhone = "UIInterfaceOrientationPortrait UIInterfaceOrientationLandscapeLeft UIInterfaceOrientationLandscapeRight";
				LD_RUNPATH_SEARCH_PATHS = (
					"$(inherited)",
					"@executable_path/Frameworks",
				);
				MARKETING_VERSION = 1.0;
				PRODUCT_BUNDLE_IDENTIFIER = PruebaUIKit.MerqueoUIKit;
				PRODUCT_NAME = "$(TARGET_NAME)";
				SWIFT_EMIT_LOC_STRINGS = YES;
				SWIFT_VERSION = 5.0;
				TARGETED_DEVICE_FAMILY = "1,2";
				"TEST_HOST[sdk=*]" = "";
			};
			name = Debug;
		};
		83FED2CD2B1EEDC0005A3ADB /* Release */ = {
			isa = XCBuildConfiguration;
			buildSettings = {
				ASSETCATALOG_COMPILER_APPICON_NAME = AppIcon;
				ASSETCATALOG_COMPILER_GLOBAL_ACCENT_COLOR_NAME = AccentColor;
				CODE_SIGN_STYLE = Automatic;
				CURRENT_PROJECT_VERSION = 1;
				DEVELOPMENT_TEAM = 7ZT49UKYZM;
				GENERATE_INFOPLIST_FILE = YES;
				INFOPLIST_FILE = MerqueoUIKit/Info.plist;
				INFOPLIST_KEY_UIApplicationSupportsIndirectInputEvents = YES;
				INFOPLIST_KEY_UILaunchStoryboardName = LaunchScreen;
				INFOPLIST_KEY_UISupportedInterfaceOrientations_iPad = "UIInterfaceOrientationPortrait UIInterfaceOrientationPortraitUpsideDown UIInterfaceOrientationLandscapeLeft UIInterfaceOrientationLandscapeRight";
				INFOPLIST_KEY_UISupportedInterfaceOrientations_iPhone = "UIInterfaceOrientationPortrait UIInterfaceOrientationLandscapeLeft UIInterfaceOrientationLandscapeRight";
				LD_RUNPATH_SEARCH_PATHS = (
					"$(inherited)",
					"@executable_path/Frameworks",
				);
				MARKETING_VERSION = 1.0;
				PRODUCT_BUNDLE_IDENTIFIER = PruebaUIKit.MerqueoUIKit;
				PRODUCT_NAME = "$(TARGET_NAME)";
				SWIFT_EMIT_LOC_STRINGS = YES;
				SWIFT_VERSION = 5.0;
				TARGETED_DEVICE_FAMILY = "1,2";
			};
			name = Release;
		};
/* End XCBuildConfiguration section */

/* Begin XCConfigurationList section */
		83013A3B2B2014570017E472 /* Build configuration list for PBXNativeTarget "MerqueoUIKitTests" */ = {
			isa = XCConfigurationList;
			buildConfigurations = (
				83013A3C2B2014570017E472 /* Debug */,
				83013A3D2B2014570017E472 /* Release */,
			);
			defaultConfigurationIsVisible = 0;
			defaultConfigurationName = Release;
		};
		83FED2B22B1EEDBD005A3ADB /* Build configuration list for PBXProject "MerqueoUIKit" */ = {
			isa = XCConfigurationList;
			buildConfigurations = (
				83FED2C92B1EEDC0005A3ADB /* Debug */,
				83FED2CA2B1EEDC0005A3ADB /* Release */,
			);
			defaultConfigurationIsVisible = 0;
			defaultConfigurationName = Release;
		};
		83FED2CB2B1EEDC0005A3ADB /* Build configuration list for PBXNativeTarget "MerqueoUIKit" */ = {
			isa = XCConfigurationList;
			buildConfigurations = (
				83FED2CC2B1EEDC0005A3ADB /* Debug */,
				83FED2CD2B1EEDC0005A3ADB /* Release */,
			);
			defaultConfigurationIsVisible = 0;
			defaultConfigurationName = Release;
		};
/* End XCConfigurationList section */

/* Begin XCVersionGroup section */
		832196902B3AB6B800FDE43C /* MovieCoreData.xcdatamodeld */ = {
			isa = XCVersionGroup;
			children = (
				832196912B3AB6B800FDE43C /* MovieCoreData.xcdatamodel */,
			);
			currentVersion = 832196912B3AB6B800FDE43C /* MovieCoreData.xcdatamodel */;
			path = MovieCoreData.xcdatamodeld;
			sourceTree = "<group>";
			versionGroupType = wrapper.xcdatamodel;
		};
/* End XCVersionGroup section */
	};
	rootObject = 83FED2AF2B1EEDBD005A3ADB /* Project object */;
}
